github.com/alrusov/misc v0.1.18/go.mod h1:ylFoP0hgLCkK2QfVE4pHRSQW2rQ+sPd55h3GPeI+Nf8=
github.com/alrusov/misc v0.1.27 h1:wxgu1g7JN1LvEay0qm+vlQ4/w3eA/1PD9ICruyDyCmA=
github.com/alrusov/misc v0.1.27/go.mod h1:wq7jkLgy8u0ogF2EyY1Goes9GftiRcK4w1wH1vM9JFc=
github.com/alrusov/panic v0.1.8 h1:1CAV44j6zv8PexNz/UjT6KnW+1sG+kxXslKAkoM/CsU=
github.com/alrusov/panic v0.1.8/go.mod h1:oHGmj6Zt5DH25oWO+iKFYbuysbtz6BbodUBewO7HZNU=
