github.com/alrusov/misc v1.1.28 h1:WOKI7kGUFXeD3NYiVUQefyeyy3rRXvJFWWwZg6oC5dY=
github.com/alrusov/misc v1.1.28/go.mod h1:67mjE5belR2qSR4NyGBGk70oJQwkiRVnKbIrzXxpFRQ=
github.com/alrusov/panic v0.1.16 h1:zRwyDxavX3w/cnlX1aW3remDMAEEwMjs+BtjgxZND5A=
github.com/alrusov/panic v0.1.16/go.mod h1:Un623hbV6QjGY3GNBoquVzP6lo3nEDJdDb3aanu44Ro=
